
Microsoft Visual Studio Solution File, Format Version 12.00
# Visual Studio Version 17
VisualStudioVersion = 17.0.32014.148
MinimumVisualStudioVersion = 10.0.40219.1
Project("{9A19103F-16F7-4668-BE54-9A1E7A4F7556}") = "BasicCSharpConcepts", "ExploreTheConcept\BasicCSharpConcepts.csproj", "{D0F11CC8-2E51-40B3-9040-FC3747F08976}"
	ProjectSection(ProjectDependencies) = postProject
		{03EC838E-25A1-432C-AB5E-E1B70A221DB2} = {03EC838E-25A1-432C-AB5E-E1B70A221DB2}
	EndProjectSection
EndProject
Project("{2150E333-8FDC-42A3-9474-1A3956D46DE8}") = "1.BasicCSharp", "1.BasicCSharp", "{09FDB53B-84BC-46E2-AB7A-5FB143A82619}"
EndProject
Project("{2150E333-8FDC-42A3-9474-1A3956D46DE8}") = "2.OOPs", "2.OOPs", "{0BA11FD8-9658-40BB-B6E2-A90C43FBF804}"
EndProject
Project("{2150E333-8FDC-42A3-9474-1A3956D46DE8}") = "3.LINQSAndCollections", "3.LINQSAndCollections", "{09231BFC-33F1-4AF5-A09A-38B65F6FFB43}"
EndProject
Project("{2150E333-8FDC-42A3-9474-1A3956D46DE8}") = "4.AdvancedConcepts", "4.AdvancedConcepts", "{1569B0C9-B87D-4E61-8602-952B24259831}"
EndProject
Project("{2150E333-8FDC-42A3-9474-1A3956D46DE8}") = "6.BegningEFCore", "6.BegningEFCore", "{7C5E05DA-54CC-4EB9-99B3-0F70F4398613}"
EndProject
Project("{2150E333-8FDC-42A3-9474-1A3956D46DE8}") = "7.ModerenDataAccessWithEFCore", "7.ModerenDataAccessWithEFCore", "{7D63CCF6-8C81-4C8C-A8B7-6398C6B3D9A3}"
EndProject
Project("{2150E333-8FDC-42A3-9474-1A3956D46DE8}") = "8.INVENTIONSandFeatures", "8.INVENTIONSandFeatures", "{45498FEC-5CFD-4808-95B4-71A483434D21}"
EndProject
Project("{9A19103F-16F7-4668-BE54-9A1E7A4F7556}") = "OOPs", "OOPs\OOPs.csproj", "{145BC640-6C4A-42EA-A28F-EBD05EDE88E3}"
EndProject
Project("{9A19103F-16F7-4668-BE54-9A1E7A4F7556}") = "LINQs", "LINQs\LINQs.csproj", "{BF54CB22-E10B-4704-85B1-0E7C042CDCFB}"
EndProject
Project("{9A19103F-16F7-4668-BE54-9A1E7A4F7556}") = "AdvancedConcepts", "AdvancedConcepts\AdvancedConcepts.csproj", "{37746D23-EA7B-497E-ADDA-EEAA22E45443}"
EndProject
Project("{9A19103F-16F7-4668-BE54-9A1E7A4F7556}") = "EFCore", "EFCore\EFCore.csproj", "{C6AB8D6E-04EB-4AEC-8B7A-BEC5EA827274}"
EndProject
Project("{9A19103F-16F7-4668-BE54-9A1E7A4F7556}") = "DataAccessWithEF", "DataAccessWithEF\DataAccessWithEF.csproj", "{D63DCA51-7B86-4DA0-889D-6F5EC04508D9}"
EndProject
Project("{9A19103F-16F7-4668-BE54-9A1E7A4F7556}") = "InventionsAndFeatures", "InventionsAndFeatures\InventionsAndFeatures.csproj", "{F7C534BF-A2D5-477F-A75E-428D8523FF9C}"
EndProject
Project("{2150E333-8FDC-42A3-9474-1A3956D46DE8}") = "5.Data Acess With ADO.NET", "5.Data Acess With ADO.NET", "{C27F00B2-A79F-4070-AFB8-32621EF6AB6A}"
EndProject
Project("{FAE04EC0-301F-11D3-BF4B-00C04F79EFBC}") = "ADOCore", "ADOCore\ADOCore.csproj", "{03EC838E-25A1-432C-AB5E-E1B70A221DB2}"
	ProjectSection(ProjectDependencies) = postProject
		{B57E2487-1242-4C1E-AFBB-953F282AF921} = {B57E2487-1242-4C1E-AFBB-953F282AF921}
	EndProjectSection
EndProject
Project("{FAE04EC0-301F-11D3-BF4B-00C04F79EFBC}") = "DomainModels", "DomainModels\DomainModels.csproj", "{B57E2487-1242-4C1E-AFBB-953F282AF921}"
EndProject
Project("{FAE04EC0-301F-11D3-BF4B-00C04F79EFBC}") = "DTOs", "DTOs\DTOs.csproj", "{F060597B-56C0-4742-8EBE-69278177E459}"
	ProjectSection(ProjectDependencies) = postProject
		{B57E2487-1242-4C1E-AFBB-953F282AF921} = {B57E2487-1242-4C1E-AFBB-953F282AF921}
	EndProjectSection
EndProject
Project("{FAE04EC0-301F-11D3-BF4B-00C04F79EFBC}") = "DAL", "DAL\DAL.csproj", "{FB6C5986-5F74-4132-8C8A-1B39DCAAC7BC}"
EndProject
Global
	GlobalSection(SolutionConfigurationPlatforms) = preSolution
		Debug|Any CPU = Debug|Any CPU
		Release|Any CPU = Release|Any CPU
	EndGlobalSection
	GlobalSection(ProjectConfigurationPlatforms) = postSolution
		{D0F11CC8-2E51-40B3-9040-FC3747F08976}.Debug|Any CPU.ActiveCfg = Debug|Any CPU
		{D0F11CC8-2E51-40B3-9040-FC3747F08976}.Debug|Any CPU.Build.0 = Debug|Any CPU
		{D0F11CC8-2E51-40B3-9040-FC3747F08976}.Release|Any CPU.ActiveCfg = Release|Any CPU
		{D0F11CC8-2E51-40B3-9040-FC3747F08976}.Release|Any CPU.Build.0 = Release|Any CPU
		{145BC640-6C4A-42EA-A28F-EBD05EDE88E3}.Debug|Any CPU.ActiveCfg = Debug|Any CPU
		{145BC640-6C4A-42EA-A28F-EBD05EDE88E3}.Debug|Any CPU.Build.0 = Debug|Any CPU
		{145BC640-6C4A-42EA-A28F-EBD05EDE88E3}.Release|Any CPU.ActiveCfg = Release|Any CPU
		{145BC640-6C4A-42EA-A28F-EBD05EDE88E3}.Release|Any CPU.Build.0 = Release|Any CPU
		{BF54CB22-E10B-4704-85B1-0E7C042CDCFB}.Debug|Any CPU.ActiveCfg = Debug|Any CPU
		{BF54CB22-E10B-4704-85B1-0E7C042CDCFB}.Debug|Any CPU.Build.0 = Debug|Any CPU
		{BF54CB22-E10B-4704-85B1-0E7C042CDCFB}.Release|Any CPU.ActiveCfg = Release|Any CPU
		{BF54CB22-E10B-4704-85B1-0E7C042CDCFB}.Release|Any CPU.Build.0 = Release|Any CPU
		{37746D23-EA7B-497E-ADDA-EEAA22E45443}.Debug|Any CPU.ActiveCfg = Debug|Any CPU
		{37746D23-EA7B-497E-ADDA-EEAA22E45443}.Debug|Any CPU.Build.0 = Debug|Any CPU
		{37746D23-EA7B-497E-ADDA-EEAA22E45443}.Release|Any CPU.ActiveCfg = Release|Any CPU
		{37746D23-EA7B-497E-ADDA-EEAA22E45443}.Release|Any CPU.Build.0 = Release|Any CPU
		{C6AB8D6E-04EB-4AEC-8B7A-BEC5EA827274}.Debug|Any CPU.ActiveCfg = Debug|Any CPU
		{C6AB8D6E-04EB-4AEC-8B7A-BEC5EA827274}.Debug|Any CPU.Build.0 = Debug|Any CPU
		{C6AB8D6E-04EB-4AEC-8B7A-BEC5EA827274}.Release|Any CPU.ActiveCfg = Release|Any CPU
		{C6AB8D6E-04EB-4AEC-8B7A-BEC5EA827274}.Release|Any CPU.Build.0 = Release|Any CPU
		{D63DCA51-7B86-4DA0-889D-6F5EC04508D9}.Debug|Any CPU.ActiveCfg = Debug|Any CPU
		{D63DCA51-7B86-4DA0-889D-6F5EC04508D9}.Debug|Any CPU.Build.0 = Debug|Any CPU
		{D63DCA51-7B86-4DA0-889D-6F5EC04508D9}.Release|Any CPU.ActiveCfg = Release|Any CPU
		{D63DCA51-7B86-4DA0-889D-6F5EC04508D9}.Release|Any CPU.Build.0 = Release|Any CPU
		{F7C534BF-A2D5-477F-A75E-428D8523FF9C}.Debug|Any CPU.ActiveCfg = Debug|Any CPU
		{F7C534BF-A2D5-477F-A75E-428D8523FF9C}.Debug|Any CPU.Build.0 = Debug|Any CPU
		{F7C534BF-A2D5-477F-A75E-428D8523FF9C}.Release|Any CPU.ActiveCfg = Release|Any CPU
		{F7C534BF-A2D5-477F-A75E-428D8523FF9C}.Release|Any CPU.Build.0 = Release|Any CPU
		{03EC838E-25A1-432C-AB5E-E1B70A221DB2}.Debug|Any CPU.ActiveCfg = Debug|Any CPU
		{03EC838E-25A1-432C-AB5E-E1B70A221DB2}.Debug|Any CPU.Build.0 = Debug|Any CPU
		{03EC838E-25A1-432C-AB5E-E1B70A221DB2}.Release|Any CPU.ActiveCfg = Release|Any CPU
		{03EC838E-25A1-432C-AB5E-E1B70A221DB2}.Release|Any CPU.Build.0 = Release|Any CPU
		{B57E2487-1242-4C1E-AFBB-953F282AF921}.Debug|Any CPU.ActiveCfg = Debug|Any CPU
		{B57E2487-1242-4C1E-AFBB-953F282AF921}.Debug|Any CPU.Build.0 = Debug|Any CPU
		{B57E2487-1242-4C1E-AFBB-953F282AF921}.Release|Any CPU.ActiveCfg = Release|Any CPU
		{B57E2487-1242-4C1E-AFBB-953F282AF921}.Release|Any CPU.Build.0 = Release|Any CPU
		{F060597B-56C0-4742-8EBE-69278177E459}.Debug|Any CPU.ActiveCfg = Debug|Any CPU
		{F060597B-56C0-4742-8EBE-69278177E459}.Debug|Any CPU.Build.0 = Debug|Any CPU
		{F060597B-56C0-4742-8EBE-69278177E459}.Release|Any CPU.ActiveCfg = Release|Any CPU
		{F060597B-56C0-4742-8EBE-69278177E459}.Release|Any CPU.Build.0 = Release|Any CPU
		{FB6C5986-5F74-4132-8C8A-1B39DCAAC7BC}.Debug|Any CPU.ActiveCfg = Debug|Any CPU
		{FB6C5986-5F74-4132-8C8A-1B39DCAAC7BC}.Debug|Any CPU.Build.0 = Debug|Any CPU
		{FB6C5986-5F74-4132-8C8A-1B39DCAAC7BC}.Release|Any CPU.ActiveCfg = Release|Any CPU
		{FB6C5986-5F74-4132-8C8A-1B39DCAAC7BC}.Release|Any CPU.Build.0 = Release|Any CPU
	EndGlobalSection
	GlobalSection(SolutionProperties) = preSolution
		HideSolutionNode = FALSE
	EndGlobalSection
	GlobalSection(NestedProjects) = preSolution
		{D0F11CC8-2E51-40B3-9040-FC3747F08976} = {09FDB53B-84BC-46E2-AB7A-5FB143A82619}
		{145BC640-6C4A-42EA-A28F-EBD05EDE88E3} = {0BA11FD8-9658-40BB-B6E2-A90C43FBF804}
		{BF54CB22-E10B-4704-85B1-0E7C042CDCFB} = {09231BFC-33F1-4AF5-A09A-38B65F6FFB43}
		{37746D23-EA7B-497E-ADDA-EEAA22E45443} = {1569B0C9-B87D-4E61-8602-952B24259831}
		{C6AB8D6E-04EB-4AEC-8B7A-BEC5EA827274} = {7C5E05DA-54CC-4EB9-99B3-0F70F4398613}
		{D63DCA51-7B86-4DA0-889D-6F5EC04508D9} = {7D63CCF6-8C81-4C8C-A8B7-6398C6B3D9A3}
		{F7C534BF-A2D5-477F-A75E-428D8523FF9C} = {45498FEC-5CFD-4808-95B4-71A483434D21}
		{03EC838E-25A1-432C-AB5E-E1B70A221DB2} = {C27F00B2-A79F-4070-AFB8-32621EF6AB6A}
		{B57E2487-1242-4C1E-AFBB-953F282AF921} = {C27F00B2-A79F-4070-AFB8-32621EF6AB6A}
		{F060597B-56C0-4742-8EBE-69278177E459} = {C27F00B2-A79F-4070-AFB8-32621EF6AB6A}
		{FB6C5986-5F74-4132-8C8A-1B39DCAAC7BC} = {C27F00B2-A79F-4070-AFB8-32621EF6AB6A}
	EndGlobalSection
	GlobalSection(ExtensibilityGlobals) = postSolution
		SolutionGuid = {8C3CBAC9-A2D1-44B2-8FDF-F2EBA0F8A15E}
	EndGlobalSection
EndGlobal
